{
  "pins" : [
    {
      "identity" : "getid-ios-sdk",
      "kind" : "remoteSourceControl",
      "location" : "https://github.com/vvorld/getid-ios-sdk",
      "state" : {
        "revision" : "6c926ddfaa8d91d2806ade3e68f7794e0436a1a2",
        "version" : "2.8.0"
      }
    }
  ],
  "version" : 2
}
