{
  "object": {
    "pins": [
      {
        "package": "GetID",
        "repositoryURL": "https://github.com/vvorld/getid-ios-sdk",
        "state": {
          "branch": null,
          "revision": "b80451366bb42486c229d6c9a273c35a2d92dc2e",
          "version": "2.3.0"
        }
      }
    ]
  },
  "version": 1
}
