{
  "object": {
    "pins": [
      {
        "package": "GetID",
        "repositoryURL": "https://github.com/vvorld/getid-ios-sdk",
        "state": {
          "branch": null,
          "revision": "71220fe8f5a4a03296abccbc1c4b42d5c246f581",
          "version": "1.9.0"
        }
      }
    ]
  },
  "version": 1
}
